github.com/Microsoft/go-winio v0.6.2 h1:F2VQgta7ecxGYO8k3ZZz3RS8fVIXVxONVUPlNERoyfY=
github.com/Microsoft/go-winio v0.6.2/go.mod h1:yd8OoFMLzJbo9gZq8j5qaps8bJ9aShtEA8Ipt1oGCvU=
github.com/ProjectZKM/Ziren/crates/go-runtime/zkvm_runtime v0.0.0-20260311194731-d5b7577c683d h1:EA+kZ8mxGb1W/ewiIBMzb/1gg5BiW1Fvr3r4qCUBJEg=
github.com/ProjectZKM/Ziren/crates/go-runtime/zkvm_runtime v0.0.0-20260311194731-d5b7577c683d/go.mod h1:ioLG6R+5bUSO1oeGSDxOV3FADARuMoytZCSX6MEMQkI=
github.com/cenkalti/backoff v2.2.1+incompatible h1:tNowT99t7UNflLxfYYSlKYsBpXdEet03Pg2g16Swow4=
github.com/cenkalti/backoff v2.2.1+incompatible/go.mod h1:90ReRw6GdpyfrHakVjL/QHaoyV4aDUVVkXQJJJ3NXXM=
github.com/cloudflare/circl v1.6.3 h1:9GPOhQGF9MCYUeXyMYlqTR6a5gTrgR/fBLXvUgtVcg8=
github.com/cloudflare/circl v1.6.3/go.mod h1:2eXP6Qfat4O/Yhh8BznvKnJ+uzEoTQ6jVKJRn81BiS4=
github.com/davecgh/go-spew v1.1.2-0.20180830191138-d8f796af33cc h1:U9qPSI2PIWSS1VwoXQT9A3Wy9MM3WgvqSxFWenqJduM=
github.com/davecgh/go-spew v1.1.2-0.20180830191138-d8f796af33cc/go.mod h1:J7Y8YcW2NihsgmVo/mv3lAwl/skON4iLHjSsI+c5H38=
github.com/decred/dcrd/crypto/blake256 v1.1.0 h1:zPMNGQCm0g4QTY27fOCorQW7EryeQ/U0x++OzVrdms8=
github.com/decred/dcrd/crypto/blake256 v1.1.0/go.mod h1:2OfgNZ5wDpcsFmHmCK5gZTPcCXqlm2ArzUIkw9czNJo=
github.com/decred/dcrd/dcrec/secp256k1/v4 v4.4.1 h1:5RVFMOWjMyRy8cARdy79nAmgYw3hK/4HUq48LQ6Wwqo=
github.com/decred/dcrd/dcrec/secp256k1/v4 v4.4.1/go.mod h1:ZXNYxsqcloTdSy/rNShjYzMhyjf0LaoftYK0p+A3h40=
github.com/dustin/go-humanize v1.0.1 h1:GzkhY7T5VNhEkwH0PVJgjz+fX1rhBrR7pRT3mDkpeCY=
github.com/dustin/go-humanize v1.0.1/go.mod h1:Mu1zIs6XwVuF/gI1OepvI0qD18qycQx+mFykh5fBlto=
github.com/go-jose/go-jose/v4 v4.1.4 h1:moDMcTHmvE6Groj34emNPLs/qtYXRVcd6S7NHbHz3kA=
github.com/go-jose/go-jose/v4 v4.1.4/go.mod h1:x4oUasVrzR7071A4TnHLGSPpNOm2a21K9Kf04k1rs08=
github.com/google/go-cmp v0.7.0 h1:wk8382ETsv4JYUZwIsn6YpYiWiBsYLSJiTsyBybVuN8=
github.com/google/go-cmp v0.7.0/go.mod h1:pXiqmnSA92OHEEa9HXL2W4E7lf9JzCmGVUdgjX3N/iU=
github.com/google/pprof v0.0.0-20251213031049-b05bdaca462f h1:HU1RgM6NALf/KW9HEY6zry3ADbDKcmpQ+hJedoNGQYQ=
github.com/google/pprof v0.0.0-20251213031049-b05bdaca462f/go.mod h1:67FPmZWbr+KDT/VlpWtw6sO9XSjpJmLuHpoLmWiTGgY=
github.com/google/uuid v1.6.0 h1:NIvaJDMOsjHA8n1jAhLSgzrAzy1Hgr+hNrb57e+94F0=
github.com/google/uuid v1.6.0/go.mod h1:TIyPZe4MgqvfeYDBFedMoGGpEw/LqOeaOT+nhxU+yHo=
github.com/gorilla/rpc v1.2.1 h1:yC+LMV5esttgpVvNORL/xX4jvTTEUE30UZhZ5JF7K9k=
github.com/gorilla/rpc v1.2.1/go.mod h1:uNpOihAlF5xRFLuTYhfR0yfCTm0WTQSQttkMSptRfGk=
github.com/grandcat/zeroconf v1.0.0 h1:uHhahLBKqwWBV6WZUDAT71044vwOTL+McW0mBJvo6kE=
github.com/grandcat/zeroconf v1.0.0/go.mod h1:lTKmG1zh86XyCoUeIHSA4FJMBwCJiQmGfcP2PdzytEs=
github.com/hashicorp/golang-lru/v2 v2.0.7 h1:a+bsQ5rvGLjzHuww6tVxozPZFVghXaHOwFs4luLUK2k=
github.com/hashicorp/golang-lru/v2 v2.0.7/go.mod h1:QeFd9opnmA6QUJc5vARoKUSoFhyfM2/ZepoAG6RGpeM=
github.com/holiman/uint256 v1.3.2 h1:a9EgMPSC1AAaj1SZL5zIQD3WbwTuHrMGOerLjGmM/TA=
github.com/holiman/uint256 v1.3.2/go.mod h1:EOMSn4q6Nyt9P6efbI3bueV4e1b3dGlUCXeiRV4ng7E=
github.com/klauspost/compress v1.18.4 h1:RPhnKRAQ4Fh8zU2FY/6ZFDwTVTxgJ/EMydqSTzE9a2c=
github.com/klauspost/compress v1.18.4/go.mod h1:R0h/fSBs8DE4ENlcrlib3PsXS61voFxhIs2DeRhCvJ4=
github.com/luxfi/atomic v1.0.0 h1:xUV60MuzRvXngaQ1sM0yVC2v4TRoLlUGkkH7M9PS4yw=
github.com/luxfi/atomic v1.0.0/go.mod h1:0G2mTlQ6TXWHICUHrUUPu1/qAiIyR4gSZ2tva9ci/bI=
github.com/luxfi/cache v1.2.1 h1:kAzOS55/hmYeNKR+0HAKv4ma48Y6JjkI8UQeqdZ8bfI=
github.com/luxfi/cache v1.2.1/go.mod h1:co7JTxZZHpKT31Yh01LFp5aZOxmoUg157FhBLQdQHVU=
github.com/luxfi/codec v1.1.3 h1:hK/pijaD/b3xP5ZNkGdDq26jRgFPQtYBLmAwOgxzw4c=
github.com/luxfi/codec v1.1.3/go.mod h1:7CPyGAk8cjSYYOfSbMLfSnXXV7ucuRK6oG8Dvb/ZdWc=
github.com/luxfi/compress v0.0.5 h1:4tEUHw5MK1bu5UOjfYCt4OKMiH7yykIgmGPRA/BfJTM=
github.com/luxfi/compress v0.0.5/go.mod h1:Cc1yxD2pfzrvpO32W2GDwLKff+CylHEvzZh2Ko8RSIU=
github.com/luxfi/concurrent v0.0.3 h1:eJyv1fhaC0jMLMw6+QS774cUmp7GK+ouMgvLCqnC7cc=
github.com/luxfi/concurrent v0.0.3/go.mod h1:Aj/FR5NpM0cB2P4Nt3+tz9+dV6V+LUW4HuMgSjwq5hw=
github.com/luxfi/consensus v1.22.85 h1:S/XpPF+eDapbZb4AIu0Vr1GXzg/sAxjrAff2M2mkOx0=
github.com/luxfi/consensus v1.22.85/go.mod h1:y6y+bVjvpDLkkTBCCKLcch6R4PRW8EA+lTfr+6sB6F8=
github.com/luxfi/constants v1.4.3 h1:bcqUO8twMOhHWCgN/RbjfWulVPbvUQcxDkssaRrCx4g=
github.com/luxfi/constants v1.4.3/go.mod h1:ENkJ121cmDEkwQPDiKK4QhnTnW9u37PGpepbrdVcAmc=
github.com/luxfi/container v0.0.4 h1:BXhF82WyfqVP5mjlNcr7tP0Fcnvl0Ap1rkiu+rq5XuM=
github.com/luxfi/container v0.0.4/go.mod h1:Z3SpmMF5d4t77MM0nHYXURpn+EMVaeu1fhbd/3BGaek=
github.com/luxfi/crypto v1.17.40 h1:+hDkGKuzYPac2vpbenFN+gKcPvFv3fXQ4ZAEHYDDt/Y=
github.com/luxfi/crypto v1.17.40/go.mod h1:yz/86mgfby+aaf9hsHg8KIhHENueDsZpI9nnV+G4nW8=
github.com/luxfi/database v1.18.2 h1:r7jU8s4jaN0NpzWB0x91yyaL4CoCe0SxWEvxJGhJ7rE=
github.com/luxfi/database v1.18.2/go.mod h1:PW0oGujt165mYg7j/lctVbnfsUW6QLfIAgjyQdS66SM=
github.com/luxfi/geth v1.16.73 h1:jbRaWQDXTadZ+fEh5Cd5jnkv1qq4yAoT5bVQFuql8ZU=
github.com/luxfi/geth v1.16.73/go.mod h1:CPzps7Zp3I7Og3KT3m+Qs41WW8z+YPGx1TOJQnHdBHY=
github.com/luxfi/ids v1.2.9 h1:+yjdhXW99drnd2Zlp1u/p8k3G23W3/1btJQ4ogHawUI=
github.com/luxfi/ids v1.2.9/go.mod h1:khJOEdOPxd22yn0jcVrnbX1ADa0GHn5Y74gvCzN5BYc=
github.com/luxfi/log v1.4.1 h1:rIfFRodb9jrD/w7KayaUk0Oc+37PaQQdKEEMJCjR8gw=
github.com/luxfi/log v1.4.1/go.mod h1:64IE3xRMJcpkQwnPUfJw3pDj7wU0kRS7BZ9wM7R72jk=
github.com/luxfi/math v1.2.3 h1:BgvIFw/srPXFLbcqtoDhLJOfmBsn86GPA1iWgsoyUb4=
github.com/luxfi/math v1.2.3/go.mod h1:C8STnF2H+D6rqBPt248CiWY2TGuJgdtv/+4UqrT15iM=
github.com/luxfi/math/big v0.1.0 h1:Vz4c0RsZVPdIKPsHPgAJChH/R3p15WHRUz7LkLf+NIQ=
github.com/luxfi/math/big v0.1.0/go.mod h1:BuxSu22RbO93xBLk5Eam5nldFponoJ73xDFz4uJ3Huk=
github.com/luxfi/mdns v0.1.0 h1:VB3mQcETc9j5SY1S6lAgFtuGr/rjWuDgPYnxS+OKWMQ=
github.com/luxfi/mdns v0.1.0/go.mod h1:/3dheKVjUk2yiS/ocH1IDzeLXOIe+kpVsErIGDOZdiQ=
github.com/luxfi/metric v1.5.0 h1:11PKOjH6ntnnPF5GpspXFAqoKG9raqxT+zW5mN2jztI=
github.com/luxfi/metric v1.5.0/go.mod h1:PkD4D4JoGuyKtfUkqPNYkrg9xKrJeNVZFdW/5XvAe/A=
github.com/luxfi/mock v0.1.1 h1:0HEtIjg1J6CWz+IUyP6rsGqNWTcmxjFnSQIhaDuARwY=
github.com/luxfi/mock v0.1.1/go.mod h1:jo35akl3Vtd8LbzDts8VJ0jmSVycrd1/eBi6g6t5hKU=
github.com/luxfi/p2p v1.18.9 h1:xDqS04quYCVmiC1jBinSRQ2LAmY7E6XR4Dr7HdXHSy0=
github.com/luxfi/p2p v1.18.9/go.mod h1:X829+oxzPyY2e5S9CyyMFiOtk6nyuNnxZSaSxGxrpKw=
github.com/luxfi/sampler v1.0.0 h1:k8Sf6otW83w4pQp0jXLA+g3J/joB7w7SqXQsWmNTOV0=
github.com/luxfi/sampler v1.0.0/go.mod h1:f96/ozlj9vFfZj+akLtrHn4VpulQahwB+MQQhpeIekk=
github.com/luxfi/utils v1.1.4 h1:8OY0jXCkpp6OotN1Y++6DATJkvtEwzq2k0p56imJlAk=
github.com/luxfi/utils v1.1.4/go.mod h1:c3yz1RjzrB+cs5GZm+q1T3/2cCKElO9vxm9yRRtgSEM=
github.com/luxfi/validators v1.0.0 h1:zE1HJM1lfvC+v1Lalg+MUgkKBGFWnwTfOOmXraiNnpE=
github.com/luxfi/validators v1.0.0/go.mod h1:QGppjtI/gqprbplWc10J+4OIK8UYWpv+53mfH2aKhy4=
github.com/luxfi/version v1.0.1 h1:T/1KYWEMmsrNQk7pN7PFPAwh/7XbeX7cFAKLBqI37Sk=
github.com/luxfi/version v1.0.1/go.mod h1:Y5fPkQ2DB0XRBCxgSPXp4ISzL1/jptKnmFknShRJCyg=
github.com/luxfi/warp v1.18.5 h1:yXFCT+lnvzJHs8nVvfUCQ9wNvhtgbDGaXJkJeiwgKf4=
github.com/luxfi/warp v1.18.5/go.mod h1:SFyC529HDvbP/TWRAdYQSyJUliMa5JKFRtBrTLEElp4=
github.com/luxfi/zap v0.2.1 h1:5uU3Z47Nu/FNcLqYeKZ4B0f+0ZDF79/2M/9FRN/1/Hw=
github.com/luxfi/zap v0.2.1/go.mod h1:CobyEg6MNO6qZ5wn3kVEw6QCxFVZvvGMnEKsC5sJZtI=
github.com/mattn/go-colorable v0.1.14 h1:9A9LHSqF/7dyVVX6g0U9cwm9pG3kP9gSzcuIPHPsaIE=
github.com/mattn/go-colorable v0.1.14/go.mod h1:6LmQG8QLFO4G5z1gPvYEzlUgJ2wF+stgPZH1UqBm1s8=
github.com/mattn/go-isatty v0.0.20 h1:xfD0iDuEKnDkl03q4limB+vH+GxLEtL/jb4xVJSWWEY=
github.com/mattn/go-isatty v0.0.20/go.mod h1:W+V8PltTTMOvKvAeJH7IuucS94S2C6jfK/D7dTCTo3Y=
github.com/miekg/dns v1.1.27/go.mod h1:KNUDUusw/aVsxyTYZM1oqvCicbwhgbNgztCETuNZ7xM=
github.com/miekg/dns v1.1.66 h1:FeZXOS3VCVsKnEAd+wBkjMC3D2K+ww66Cq3VnCINuJE=
github.com/miekg/dns v1.1.66/go.mod h1:jGFzBsSNbJw6z1HYut1RKBKHA9PBdxeHrZG8J+gC2WE=
github.com/mr-tron/base58 v1.2.0 h1:T/HDJBh4ZCPbU39/+c3rRvE0uKBQlU27+QI8LJ4t64o=
github.com/mr-tron/base58 v1.2.0/go.mod h1:BinMc/sQntlIE1frQmRFPUoPA1Zkr8VRgBdjWI2mNwc=
github.com/ncruces/go-strftime v1.0.0 h1:HMFp8mLCTPp341M/ZnA4qaf7ZlsbTc+miZjCLOFAw7w=
github.com/ncruces/go-strftime v1.0.0/go.mod h1:Fwc5htZGVVkseilnfgOVb9mKy6w1naJmn9CehxcKcls=
github.com/pkg/errors v0.9.1 h1:FEBLx1zS214owpjy7qsBeixbURkuhQAwrK5UwLGTwt4=
github.com/pkg/errors v0.9.1/go.mod h1:bwawxfHBFNV+L2hUp1rHADufV3IMtnDRdf1r5NINEl0=
github.com/pmezard/go-difflib v1.0.1-0.20181226105442-5d4384ee4fb2 h1:Jamvg5psRIccs7FGNTlIRMkT8wgtp5eCXdBlqhYGL6U=
github.com/pmezard/go-difflib v1.0.1-0.20181226105442-5d4384ee4fb2/go.mod h1:iKH77koFhYxTK1pcRnkKkqfTogsbg7gZNVY4sRDYZ/4=
github.com/remyoudompheng/bigfft v0.0.0-20230129092748-24d4a6f8daec h1:W09IVJc94icq4NjY3clb7Lk8O1qJ8BdBEF8z0ibU0rE=
github.com/remyoudompheng/bigfft v0.0.0-20230129092748-24d4a6f8daec/go.mod h1:qqbHyh8v60DhA7CoWK5oRCqLrMHRGoxYCSS9EjAz6Eo=
github.com/robfig/cron/v3 v3.0.1 h1:WdRxkvbJztn8LMz/QEvLN5sBU+xKpSqwwUO1Pjr4qDs=
github.com/robfig/cron/v3 v3.0.1/go.mod h1:eQICP3HwyT7UooqI/z+Ov+PtYAWygg1TEWWzGIFLtro=
github.com/stretchr/testify v1.11.1 h1:7s2iGBzp5EwR7/aIZr8ao5+dra3wiQyKjjFuvgVKu7U=
github.com/stretchr/testify v1.11.1/go.mod h1:wZwfW3scLgRK+23gO65QZefKpKQRnfz6sD981Nm4B6U=
github.com/supranational/blst v0.3.16 h1:bTDadT+3fK497EvLdWRQEjiGnUtzJ7jjIUMF0jqwYhE=
github.com/supranational/blst v0.3.16/go.mod h1:jZJtfjgudtNl4en1tzwPIV3KjUnQUvG3/j+w+fVonLw=
go.uber.org/mock v0.6.0 h1:hyF9dfmbgIX5EfOdasqLsWD6xqpNZlXblLB/Dbnwv3Y=
go.uber.org/mock v0.6.0/go.mod h1:KiVJ4BqZJaMj4svdfmHM0AUx4NJYO8ZNpPnZn1Z+BBU=
golang.org/x/crypto v0.0.0-20190308221718-c2843e01d9a2/go.mod h1:djNgcEr1/C05ACkg1iLfiJU5Ep61QUkGW8qpdssI0+w=
golang.org/x/crypto v0.0.0-20191011191535-87dc89f01550/go.mod h1:yigFU9vqHzYiE8UmvKecakEJjdnWj3jj499lnFckfCI=
golang.org/x/crypto v0.49.0 h1:+Ng2ULVvLHnJ/ZFEq4KdcDd/cfjrrjjNSXNzxg0Y4U4=
golang.org/x/crypto v0.49.0/go.mod h1:ErX4dUh2UM+CFYiXZRTcMpEcN8b/1gxEuv3nODoYtCA=
golang.org/x/exp v0.0.0-20260312153236-7ab1446f8b90 h1:jiDhWWeC7jfWqR9c/uplMOqJ0sbNlNWv0UkzE0vX1MA=
golang.org/x/exp v0.0.0-20260312153236-7ab1446f8b90/go.mod h1:xE1HEv6b+1SCZ5/uscMRjUBKtIxworgEcEi+/n9NQDQ=
golang.org/x/mod v0.1.1-0.20191105210325-c90efee705ee/go.mod h1:QqPTAvyqsEbceGzBzNggFXnrqF1CaUcvgkdR5Ot7KZg=
golang.org/x/mod v0.34.0 h1:xIHgNUUnW6sYkcM5Jleh05DvLOtwc6RitGHbDk4akRI=
golang.org/x/mod v0.34.0/go.mod h1:ykgH52iCZe79kzLLMhyCUzhMci+nQj+0XkbXpNYtVjY=
golang.org/x/net v0.0.0-20190404232315-eb5bcb51f2a3/go.mod h1:t9HGtf8HONx5eT2rtn7q6eTqICYqUVnKs3thJo3Qplg=
golang.org/x/net v0.0.0-20190620200207-3b0461eec859/go.mod h1:z5CRVTTTmAJ677TzLLGU+0bjPO0LkuOLi4/5GtJWs/s=
golang.org/x/net v0.0.0-20190923162816-aa69164e4478/go.mod h1:z5CRVTTTmAJ677TzLLGU+0bjPO0LkuOLi4/5GtJWs/s=
golang.org/x/net v0.0.0-20200114155413-6afb5195e5aa/go.mod h1:z5CRVTTTmAJ677TzLLGU+0bjPO0LkuOLi4/5GtJWs/s=
golang.org/x/net v0.52.0 h1:He/TN1l0e4mmR3QqHMT2Xab3Aj3L9qjbhRm78/6jrW0=
golang.org/x/net v0.52.0/go.mod h1:R1MAz7uMZxVMualyPXb+VaqGSa3LIaUqk0eEt3w36Sw=
golang.org/x/sync v0.0.0-20190423024810-112230192c58/go.mod h1:RxMgew5VJxzue5/jJTE5uejpjVlOe/izrB70Jof72aM=
golang.org/x/sync v0.20.0 h1:e0PTpb7pjO8GAtTs2dQ6jYa5BWYlMuX047Dco/pItO4=
golang.org/x/sync v0.20.0/go.mod h1:9xrNwdLfx4jkKbNva9FpL6vEN7evnE43NNNJQ2LF3+0=
golang.org/x/sys v0.0.0-20190215142949-d0b11bdaac8a/go.mod h1:STP8DvDyc/dI5b8T5hshtkjS+E42TnysNCUPdjciGhY=
golang.org/x/sys v0.0.0-20190412213103-97732733099d/go.mod h1:h1NjWce9XRLGQEsW7wpKNCjG9DtNlClVuFLEZdDNbEs=
golang.org/x/sys v0.0.0-20190924154521-2837fb4f24fe/go.mod h1:h1NjWce9XRLGQEsW7wpKNCjG9DtNlClVuFLEZdDNbEs=
golang.org/x/sys v0.6.0/go.mod h1:oPkhp1MJrh7nUepCBck5+mAzfO9JrbApNNgaTdGDITg=
golang.org/x/sys v0.42.0 h1:omrd2nAlyT5ESRdCLYdm3+fMfNFE/+Rf4bDIQImRJeo=
golang.org/x/sys v0.42.0/go.mod h1:4GL1E5IUh+htKOUEOaiffhrAeqysfVGipDYzABqnCmw=
golang.org/x/text v0.3.0/go.mod h1:NqM8EUOU14njkJ3fqMW+pc6Ldnwhi/IjpwHt7yyuwOQ=
golang.org/x/time v0.14.0 h1:MRx4UaLrDotUKUdCIqzPC48t1Y9hANFKIRpNx+Te8PI=
golang.org/x/time v0.14.0/go.mod h1:eL/Oa2bBBK0TkX57Fyni+NgnyQQN4LitPmob2Hjnqw4=
golang.org/x/tools v0.0.0-20191216052735-49a3e744a425/go.mod h1:TB2adYChydJhpapKDTa4BR/hXlZSLoq2Wpct/0txZ28=
golang.org/x/tools v0.43.0 h1:12BdW9CeB3Z+J/I/wj34VMl8X+fEXBxVR90JeMX5E7s=
golang.org/x/tools v0.43.0/go.mod h1:uHkMso649BX2cZK6+RpuIPXS3ho2hZo4FVwfoy1vIk0=
golang.org/x/xerrors v0.0.0-20191011141410-1b5146add898/go.mod h1:I/5z698sn9Ka8TeJc9MKroUUfqBBauWjQqLJ2OPfmY0=
gonum.org/v1/gonum v0.17.0 h1:VbpOemQlsSMrYmn7T2OUvQ4dqxQXU+ouZFQsZOx50z4=
gonum.org/v1/gonum v0.17.0/go.mod h1:El3tOrEuMpv2UdMrbNlKEh9vd86bmQ6vqIcDwxEOc1E=
google.golang.org/protobuf v1.36.11 h1:fV6ZwhNocDyBLK0dj+fg8ektcVegBBuEolpbTQyBNVE=
google.golang.org/protobuf v1.36.11/go.mod h1:HTf+CrKn2C3g5S8VImy6tdcUvCska2kB7j23XfzDpco=
gopkg.in/natefinch/lumberjack.v2 v2.2.1 h1:bBRl1b0OH9s/DuPhuXpNl+VtCaJXFZ5/uEFST95x9zc=
gopkg.in/natefinch/lumberjack.v2 v2.2.1/go.mod h1:YD8tP3GAjkrDg1eZH7EGmyESg/lsYskCTPBJVb9jqSc=
gopkg.in/yaml.v3 v3.0.1 h1:fxVm/GzAzEWqLHuvctI91KS9hhNmmWOoWu0XTYJS7CA=
gopkg.in/yaml.v3 v3.0.1/go.mod h1:K4uyk7z7BCEPqu6E+C64Yfv1cQ7kz7rIZviUmN+EgEM=
modernc.org/cc/v4 v4.27.3 h1:uNCgn37E5U09mTv1XgskEVUJ8ADKpmFMPxzGJ0TSo+U=
modernc.org/cc/v4 v4.27.3/go.mod h1:3YjcbCqhoTTHPycJDRl2WZKKFj0nwcOIPBfEZK0Hdk8=
modernc.org/ccgo/v4 v4.32.4 h1:L5OB8rpEX4ZsXEQwGozRfJyJSFHbbNVOoQ59DU9/KuU=
modernc.org/ccgo/v4 v4.32.4/go.mod h1:lY7f+fiTDHfcv6YlRgSkxYfhs+UvOEEzj49jAn2TOx0=
modernc.org/fileutil v1.4.0 h1:j6ZzNTftVS054gi281TyLjHPp6CPHr2KCxEXjEbD6SM=
modernc.org/fileutil v1.4.0/go.mod h1:EqdKFDxiByqxLk8ozOxObDSfcVOv/54xDs/DUHdvCUU=
modernc.org/gc/v2 v2.6.5 h1:nyqdV8q46KvTpZlsw66kWqwXRHdjIlJOhG6kxiV/9xI=
modernc.org/gc/v2 v2.6.5/go.mod h1:YgIahr1ypgfe7chRuJi2gD7DBQiKSLMPgBQe9oIiito=
modernc.org/gc/v3 v3.1.2 h1:ZtDCnhonXSZexk/AYsegNRV1lJGgaNZJuKjJSWKyEqo=
modernc.org/gc/v3 v3.1.2/go.mod h1:HFK/6AGESC7Ex+EZJhJ2Gni6cTaYpSMmU/cT9RmlfYY=
modernc.org/goabi0 v0.2.0 h1:HvEowk7LxcPd0eq6mVOAEMai46V+i7Jrj13t4AzuNks=
modernc.org/goabi0 v0.2.0/go.mod h1:CEFRnnJhKvWT1c1JTI3Avm+tgOWbkOu5oPA8eH8LnMI=
modernc.org/libc v1.72.0 h1:IEu559v9a0XWjw0DPoVKtXpO2qt5NVLAnFaBbjq+n8c=
modernc.org/libc v1.72.0/go.mod h1:tTU8DL8A+XLVkEY3x5E/tO7s2Q/q42EtnNWda/L5QhQ=
modernc.org/mathutil v1.7.1 h1:GCZVGXdaN8gTqB1Mf/usp1Y/hSqgI2vAGGP4jZMCxOU=
modernc.org/mathutil v1.7.1/go.mod h1:4p5IwJITfppl0G4sUEDtCr4DthTaT47/N3aT6MhfgJg=
modernc.org/memory v1.11.0 h1:o4QC8aMQzmcwCK3t3Ux/ZHmwFPzE6hf2Y5LbkRs+hbI=
modernc.org/memory v1.11.0/go.mod h1:/JP4VbVC+K5sU2wZi9bHoq2MAkCnrt2r98UGeSK7Mjw=
modernc.org/opt v0.1.4 h1:2kNGMRiUjrp4LcaPuLY2PzUfqM/w9N23quVwhKt5Qm8=
modernc.org/opt v0.1.4/go.mod h1:03fq9lsNfvkYSfxrfUhZCWPk1lm4cq4N+Bh//bEtgns=
modernc.org/sortutil v1.2.1 h1:+xyoGf15mM3NMlPDnFqrteY07klSFxLElE2PVuWIJ7w=
modernc.org/sortutil v1.2.1/go.mod h1:7ZI3a3REbai7gzCLcotuw9AC4VZVpYMjDzETGsSMqJE=
modernc.org/sqlite v1.50.0 h1:eMowQSWLK0MeiQTdmz3lqoF5dqclujdlIKeJA11+7oM=
modernc.org/sqlite v1.50.0/go.mod h1:m0w8xhwYUVY3H6pSDwc3gkJ/irZT/0YEXwBlhaxQEew=
modernc.org/strutil v1.2.1 h1:UneZBkQA+DX2Rp35KcM69cSsNES9ly8mQWD71HKlOA0=
modernc.org/strutil v1.2.1/go.mod h1:EHkiggD70koQxjVdSBM3JKM7k6L0FbGE5eymy9i3B9A=
modernc.org/token v1.1.0 h1:Xl7Ap9dKaEs5kLoOQeQmPWevfnk/DM5qcLcYlA8ys6Y=
modernc.org/token v1.1.0/go.mod h1:UGzOrNV1mAFSEB63lOFHIpNRUVMvYTc6yu1SMY/XTDM=
